
Microsoft Visual Studio Solution File, Format Version 12.00
# Visual Studio 15
VisualStudioVersion = 15.0.27130.2010
MinimumVisualStudioVersion = 10.0.40219.1
Project("{FAE04EC0-301F-11D3-BF4B-00C04F79EFBC}") = "Secondmin", "Secondmin\Secondmin.csproj", "{605E833D-CD52-4CC6-86FE-C98F6B759CC0}"
EndProject
Global
	GlobalSection(SolutionConfigurationPlatforms) = preSolution
		Debug|Any CPU = Debug|Any CPU
		Release|Any CPU = Release|Any CPU
	EndGlobalSection
	GlobalSection(ProjectConfigurationPlatforms) = postSolution
		{605E833D-CD52-4CC6-86FE-C98F6B759CC0}.Debug|Any CPU.ActiveCfg = Debug|Any CPU
		{605E833D-CD52-4CC6-86FE-C98F6B759CC0}.Debug|Any CPU.Build.0 = Debug|Any CPU
		{605E833D-CD52-4CC6-86FE-C98F6B759CC0}.Release|Any CPU.ActiveCfg = Release|Any CPU
		{605E833D-CD52-4CC6-86FE-C98F6B759CC0}.Release|Any CPU.Build.0 = Release|Any CPU
	EndGlobalSection
	GlobalSection(SolutionProperties) = preSolution
		HideSolutionNode = FALSE
	EndGlobalSection
	GlobalSection(ExtensibilityGlobals) = postSolution
		SolutionGuid = {E38A8B1A-F366-4548-8F0A-D7F98C955A7D}
	EndGlobalSection
EndGlobal
