
Microsoft Visual Studio Solution File, Format Version 12.00
# Visual Studio 15
VisualStudioVersion = 15.0.27130.2010
MinimumVisualStudioVersion = 10.0.40219.1
Project("{FAE04EC0-301F-11D3-BF4B-00C04F79EFBC}") = "Snake1", "Snake1\Snake1.csproj", "{D3756137-45B1-4CE4-AD62-432F1E008D86}"
EndProject
Global
	GlobalSection(SolutionConfigurationPlatforms) = preSolution
		Debug|Any CPU = Debug|Any CPU
		Release|Any CPU = Release|Any CPU
	EndGlobalSection
	GlobalSection(ProjectConfigurationPlatforms) = postSolution
		{D3756137-45B1-4CE4-AD62-432F1E008D86}.Debug|Any CPU.ActiveCfg = Debug|Any CPU
		{D3756137-45B1-4CE4-AD62-432F1E008D86}.Debug|Any CPU.Build.0 = Debug|Any CPU
		{D3756137-45B1-4CE4-AD62-432F1E008D86}.Release|Any CPU.ActiveCfg = Release|Any CPU
		{D3756137-45B1-4CE4-AD62-432F1E008D86}.Release|Any CPU.Build.0 = Release|Any CPU
	EndGlobalSection
	GlobalSection(SolutionProperties) = preSolution
		HideSolutionNode = FALSE
	EndGlobalSection
	GlobalSection(ExtensibilityGlobals) = postSolution
		SolutionGuid = {85D00CDE-7008-42C4-BDE3-01758929FD1B}
	EndGlobalSection
EndGlobal
