
Microsoft Visual Studio Solution File, Format Version 12.00
# Visual Studio 15
VisualStudioVersion = 15.0.27130.2010
MinimumVisualStudioVersion = 10.0.40219.1
Project("{FAE04EC0-301F-11D3-BF4B-00C04F79EFBC}") = "paint2", "paint2\paint2.csproj", "{70FA596C-02C1-4E98-9465-A3B933DF6F9B}"
EndProject
Global
	GlobalSection(SolutionConfigurationPlatforms) = preSolution
		Debug|Any CPU = Debug|Any CPU
		Release|Any CPU = Release|Any CPU
	EndGlobalSection
	GlobalSection(ProjectConfigurationPlatforms) = postSolution
		{70FA596C-02C1-4E98-9465-A3B933DF6F9B}.Debug|Any CPU.ActiveCfg = Debug|Any CPU
		{70FA596C-02C1-4E98-9465-A3B933DF6F9B}.Debug|Any CPU.Build.0 = Debug|Any CPU
		{70FA596C-02C1-4E98-9465-A3B933DF6F9B}.Release|Any CPU.ActiveCfg = Release|Any CPU
		{70FA596C-02C1-4E98-9465-A3B933DF6F9B}.Release|Any CPU.Build.0 = Release|Any CPU
	EndGlobalSection
	GlobalSection(SolutionProperties) = preSolution
		HideSolutionNode = FALSE
	EndGlobalSection
	GlobalSection(ExtensibilityGlobals) = postSolution
		SolutionGuid = {283A6DC0-C512-4B21-B7DC-24A2A5B2637D}
	EndGlobalSection
EndGlobal
