
Microsoft Visual Studio Solution File, Format Version 12.00
# Visual Studio 15
VisualStudioVersion = 15.0.27130.2010
MinimumVisualStudioVersion = 10.0.40219.1
Project("{FAE04EC0-301F-11D3-BF4B-00C04F79EFBC}") = "endterm3", "endterm3\endterm3.csproj", "{48CD9B8E-E6FF-4BEF-ADEC-F834F4C4813D}"
EndProject
Global
	GlobalSection(SolutionConfigurationPlatforms) = preSolution
		Debug|Any CPU = Debug|Any CPU
		Release|Any CPU = Release|Any CPU
	EndGlobalSection
	GlobalSection(ProjectConfigurationPlatforms) = postSolution
		{48CD9B8E-E6FF-4BEF-ADEC-F834F4C4813D}.Debug|Any CPU.ActiveCfg = Debug|Any CPU
		{48CD9B8E-E6FF-4BEF-ADEC-F834F4C4813D}.Debug|Any CPU.Build.0 = Debug|Any CPU
		{48CD9B8E-E6FF-4BEF-ADEC-F834F4C4813D}.Release|Any CPU.ActiveCfg = Release|Any CPU
		{48CD9B8E-E6FF-4BEF-ADEC-F834F4C4813D}.Release|Any CPU.Build.0 = Release|Any CPU
	EndGlobalSection
	GlobalSection(SolutionProperties) = preSolution
		HideSolutionNode = FALSE
	EndGlobalSection
	GlobalSection(ExtensibilityGlobals) = postSolution
		SolutionGuid = {C59DD920-10FD-4680-88C2-590DA601FB41}
	EndGlobalSection
EndGlobal
