
Microsoft Visual Studio Solution File, Format Version 12.00
# Visual Studio 15
VisualStudioVersion = 15.0.27130.2010
MinimumVisualStudioVersion = 10.0.40219.1
Project("{FAE04EC0-301F-11D3-BF4B-00C04F79EFBC}") = "Final33", "Final33\Final33.csproj", "{D39CF8DA-4365-4505-9DA0-71B04891DD72}"
EndProject
Global
	GlobalSection(SolutionConfigurationPlatforms) = preSolution
		Debug|Any CPU = Debug|Any CPU
		Release|Any CPU = Release|Any CPU
	EndGlobalSection
	GlobalSection(ProjectConfigurationPlatforms) = postSolution
		{D39CF8DA-4365-4505-9DA0-71B04891DD72}.Debug|Any CPU.ActiveCfg = Debug|Any CPU
		{D39CF8DA-4365-4505-9DA0-71B04891DD72}.Debug|Any CPU.Build.0 = Debug|Any CPU
		{D39CF8DA-4365-4505-9DA0-71B04891DD72}.Release|Any CPU.ActiveCfg = Release|Any CPU
		{D39CF8DA-4365-4505-9DA0-71B04891DD72}.Release|Any CPU.Build.0 = Release|Any CPU
	EndGlobalSection
	GlobalSection(SolutionProperties) = preSolution
		HideSolutionNode = FALSE
	EndGlobalSection
	GlobalSection(ExtensibilityGlobals) = postSolution
		SolutionGuid = {95DA26EA-6BAB-47B9-AA07-C47D3CEB33E9}
	EndGlobalSection
EndGlobal
