
Microsoft Visual Studio Solution File, Format Version 12.00
# Visual Studio 15
VisualStudioVersion = 15.0.27130.2010
MinimumVisualStudioVersion = 10.0.40219.1
Project("{FAE04EC0-301F-11D3-BF4B-00C04F79EFBC}") = "Final11", "Final11\Final11.csproj", "{A9D2E382-7328-4ECB-8426-CA9D37FF253E}"
EndProject
Global
	GlobalSection(SolutionConfigurationPlatforms) = preSolution
		Debug|Any CPU = Debug|Any CPU
		Release|Any CPU = Release|Any CPU
	EndGlobalSection
	GlobalSection(ProjectConfigurationPlatforms) = postSolution
		{A9D2E382-7328-4ECB-8426-CA9D37FF253E}.Debug|Any CPU.ActiveCfg = Debug|Any CPU
		{A9D2E382-7328-4ECB-8426-CA9D37FF253E}.Debug|Any CPU.Build.0 = Debug|Any CPU
		{A9D2E382-7328-4ECB-8426-CA9D37FF253E}.Release|Any CPU.ActiveCfg = Release|Any CPU
		{A9D2E382-7328-4ECB-8426-CA9D37FF253E}.Release|Any CPU.Build.0 = Release|Any CPU
	EndGlobalSection
	GlobalSection(SolutionProperties) = preSolution
		HideSolutionNode = FALSE
	EndGlobalSection
	GlobalSection(ExtensibilityGlobals) = postSolution
		SolutionGuid = {67DEB432-B8DC-48FB-B5A6-E428CFB71EA4}
	EndGlobalSection
EndGlobal
