
Microsoft Visual Studio Solution File, Format Version 12.00
# Visual Studio 15
VisualStudioVersion = 15.0.27130.2010
MinimumVisualStudioVersion = 10.0.40219.1
Project("{FAE04EC0-301F-11D3-BF4B-00C04F79EFBC}") = "endterm2", "endterm2\endterm2.csproj", "{6227F3D5-9436-4F18-BD39-3AE45A12C3E8}"
EndProject
Global
	GlobalSection(SolutionConfigurationPlatforms) = preSolution
		Debug|Any CPU = Debug|Any CPU
		Release|Any CPU = Release|Any CPU
	EndGlobalSection
	GlobalSection(ProjectConfigurationPlatforms) = postSolution
		{6227F3D5-9436-4F18-BD39-3AE45A12C3E8}.Debug|Any CPU.ActiveCfg = Debug|Any CPU
		{6227F3D5-9436-4F18-BD39-3AE45A12C3E8}.Debug|Any CPU.Build.0 = Debug|Any CPU
		{6227F3D5-9436-4F18-BD39-3AE45A12C3E8}.Release|Any CPU.ActiveCfg = Release|Any CPU
		{6227F3D5-9436-4F18-BD39-3AE45A12C3E8}.Release|Any CPU.Build.0 = Release|Any CPU
	EndGlobalSection
	GlobalSection(SolutionProperties) = preSolution
		HideSolutionNode = FALSE
	EndGlobalSection
	GlobalSection(ExtensibilityGlobals) = postSolution
		SolutionGuid = {CEDB99E3-A327-41A3-A6DE-302B6DCBD522}
	EndGlobalSection
EndGlobal
